
Microsoft Visual Studio Solution File, Format Version 12.00
# Visual Studio Version 17
VisualStudioVersion = 17.14.37328.6
MinimumVisualStudioVersion = 10.0.40219.1
Project("{FAE04EC0-301F-11D3-BF4B-00C04F79EFBC}") = "VanguardModelPFScrewdriver", "VanguardModelPFScrewdriver.csproj", "{79A6A85E-1038-485D-9B15-2DE82EBDD4DC}"
EndProject
Project("{FAE04EC0-301F-11D3-BF4B-00C04F79EFBC}") = "Client", "..\Common\Modbus\Client\Client.csproj", "{C3D348C2-9B93-5ED4-4C6F-73C56AF6C32D}"
EndProject
Global
	GlobalSection(SolutionConfigurationPlatforms) = preSolution
		Debug|Any CPU = Debug|Any CPU
		Debug|x64 = Debug|x64
		Release|Any CPU = Release|Any CPU
		Release|x64 = Release|x64
	EndGlobalSection
	GlobalSection(ProjectConfigurationPlatforms) = postSolution
		{79A6A85E-1038-485D-9B15-2DE82EBDD4DC}.Debug|Any CPU.ActiveCfg = Debug|Any CPU
		{79A6A85E-1038-485D-9B15-2DE82EBDD4DC}.Debug|Any CPU.Build.0 = Debug|Any CPU
		{79A6A85E-1038-485D-9B15-2DE82EBDD4DC}.Debug|x64.ActiveCfg = Debug|x64
		{79A6A85E-1038-485D-9B15-2DE82EBDD4DC}.Debug|x64.Build.0 = Debug|x64
		{79A6A85E-1038-485D-9B15-2DE82EBDD4DC}.Release|Any CPU.ActiveCfg = Release|Any CPU
		{79A6A85E-1038-485D-9B15-2DE82EBDD4DC}.Release|Any CPU.Build.0 = Release|Any CPU
		{79A6A85E-1038-485D-9B15-2DE82EBDD4DC}.Release|x64.ActiveCfg = Release|x64
		{79A6A85E-1038-485D-9B15-2DE82EBDD4DC}.Release|x64.Build.0 = Release|x64
		{C3D348C2-9B93-5ED4-4C6F-73C56AF6C32D}.Debug|Any CPU.ActiveCfg = Debug|Any CPU
		{C3D348C2-9B93-5ED4-4C6F-73C56AF6C32D}.Debug|Any CPU.Build.0 = Debug|Any CPU
		{C3D348C2-9B93-5ED4-4C6F-73C56AF6C32D}.Debug|x64.ActiveCfg = Debug|Any CPU
		{C3D348C2-9B93-5ED4-4C6F-73C56AF6C32D}.Debug|x64.Build.0 = Debug|Any CPU
		{C3D348C2-9B93-5ED4-4C6F-73C56AF6C32D}.Release|Any CPU.ActiveCfg = Release|Any CPU
		{C3D348C2-9B93-5ED4-4C6F-73C56AF6C32D}.Release|Any CPU.Build.0 = Release|Any CPU
		{C3D348C2-9B93-5ED4-4C6F-73C56AF6C32D}.Release|x64.ActiveCfg = Release|Any CPU
		{C3D348C2-9B93-5ED4-4C6F-73C56AF6C32D}.Release|x64.Build.0 = Release|Any CPU
	EndGlobalSection
	GlobalSection(SolutionProperties) = preSolution
		HideSolutionNode = FALSE
	EndGlobalSection
	GlobalSection(ExtensibilityGlobals) = postSolution
		SolutionGuid = {3D990F72-0E18-4ABA-992B-55E5EEE191C6}
	EndGlobalSection
EndGlobal
