
Microsoft Visual Studio Solution File, Format Version 12.00
# Visual Studio Version 17
VisualStudioVersion = 17.14.36908.2 d17.14
MinimumVisualStudioVersion = 10.0.40219.1
Project("{FAE04EC0-301F-11D3-BF4B-00C04F79EFBC}") = "IntegratedJogPanel", "IntegratedJogPanel.csproj", "{231425D0-8AB0-43AE-94AC-B5A58B954DBA}"
EndProject
Global
	GlobalSection(SolutionConfigurationPlatforms) = preSolution
		Debug|Any CPU = Debug|Any CPU
		Debug|x64 = Debug|x64
		Release|Any CPU = Release|Any CPU
		Release|x64 = Release|x64
	EndGlobalSection
	GlobalSection(ProjectConfigurationPlatforms) = postSolution
		{231425D0-8AB0-43AE-94AC-B5A58B954DBA}.Debug|Any CPU.ActiveCfg = Debug|Any CPU
		{231425D0-8AB0-43AE-94AC-B5A58B954DBA}.Debug|Any CPU.Build.0 = Debug|Any CPU
		{231425D0-8AB0-43AE-94AC-B5A58B954DBA}.Debug|x64.ActiveCfg = Debug|x64
		{231425D0-8AB0-43AE-94AC-B5A58B954DBA}.Debug|x64.Build.0 = Debug|x64
		{231425D0-8AB0-43AE-94AC-B5A58B954DBA}.Release|Any CPU.ActiveCfg = Release|Any CPU
		{231425D0-8AB0-43AE-94AC-B5A58B954DBA}.Release|Any CPU.Build.0 = Release|Any CPU
		{231425D0-8AB0-43AE-94AC-B5A58B954DBA}.Release|x64.ActiveCfg = Release|x64
		{231425D0-8AB0-43AE-94AC-B5A58B954DBA}.Release|x64.Build.0 = Release|x64
	EndGlobalSection
	GlobalSection(SolutionProperties) = preSolution
		HideSolutionNode = FALSE
	EndGlobalSection
	GlobalSection(ExtensibilityGlobals) = postSolution
		SolutionGuid = {7868CE66-8D58-47AC-BF59-715CC022ADE4}
	EndGlobalSection
EndGlobal
