
Microsoft Visual Studio Solution File, Format Version 12.00
# Visual Studio Version 17
VisualStudioVersion = 17.14.36811.4 d17.14
MinimumVisualStudioVersion = 10.0.40219.1
Project("{FAE04EC0-301F-11D3-BF4B-00C04F79EFBC}") = "WebCamRecorder", "WebCamRecorder.csproj", "{2F051A55-2B72-4EE7-B809-16608EEA99F5}"
EndProject
Global
	GlobalSection(SolutionConfigurationPlatforms) = preSolution
		Debug|Any CPU = Debug|Any CPU
		Debug|x64 = Debug|x64
		Release|Any CPU = Release|Any CPU
		Release|x64 = Release|x64
	EndGlobalSection
	GlobalSection(ProjectConfigurationPlatforms) = postSolution
		{2F051A55-2B72-4EE7-B809-16608EEA99F5}.Debug|Any CPU.ActiveCfg = Debug|Any CPU
		{2F051A55-2B72-4EE7-B809-16608EEA99F5}.Debug|Any CPU.Build.0 = Debug|Any CPU
		{2F051A55-2B72-4EE7-B809-16608EEA99F5}.Debug|x64.ActiveCfg = Debug|x64
		{2F051A55-2B72-4EE7-B809-16608EEA99F5}.Debug|x64.Build.0 = Debug|x64
		{2F051A55-2B72-4EE7-B809-16608EEA99F5}.Release|Any CPU.ActiveCfg = Release|Any CPU
		{2F051A55-2B72-4EE7-B809-16608EEA99F5}.Release|Any CPU.Build.0 = Release|Any CPU
		{2F051A55-2B72-4EE7-B809-16608EEA99F5}.Release|x64.ActiveCfg = Release|x64
		{2F051A55-2B72-4EE7-B809-16608EEA99F5}.Release|x64.Build.0 = Release|x64
	EndGlobalSection
	GlobalSection(SolutionProperties) = preSolution
		HideSolutionNode = FALSE
	EndGlobalSection
	GlobalSection(ExtensibilityGlobals) = postSolution
		SolutionGuid = {FBD0C021-32FD-4B22-BF7F-0DCEA63BB9F2}
	EndGlobalSection
EndGlobal
